
Microsoft Visual Studio Solution File, Format Version 12.00
Project("{FAE04EC0-301F-11D3-BF4B-00C04F79EFBC}") = "ColoredBlocksEditor", "ColoredBlocksEditor\ColoredBlocksEditor.csproj", "{3EEE5149-CD15-40BC-925C-DC69F43F80E9}"
EndProject
Project("{FAE04EC0-301F-11D3-BF4B-00C04F79EFBC}") = "ColoredBlocks", "ColoredBlocks.csproj", "{615FD723-E714-4F78-9BAE-DC91790F95C0}"
EndProject
Global
	GlobalSection(SolutionConfigurationPlatforms) = preSolution
		Debug|Any CPU = Debug|Any CPU
		Release|Any CPU = Release|Any CPU
	EndGlobalSection
	GlobalSection(ProjectConfigurationPlatforms) = postSolution
		{615FD723-E714-4F78-9BAE-DC91790F95C0}.Debug|Any CPU.ActiveCfg = Debug|Any CPU
		{615FD723-E714-4F78-9BAE-DC91790F95C0}.Debug|Any CPU.Build.0 = Debug|Any CPU
		{615FD723-E714-4F78-9BAE-DC91790F95C0}.Release|Any CPU.ActiveCfg = Release|Any CPU
		{615FD723-E714-4F78-9BAE-DC91790F95C0}.Release|Any CPU.Build.0 = Release|Any CPU
		{3EEE5149-CD15-40BC-925C-DC69F43F80E9}.Debug|Any CPU.ActiveCfg = Debug|Any CPU
		{3EEE5149-CD15-40BC-925C-DC69F43F80E9}.Debug|Any CPU.Build.0 = Debug|Any CPU
		{3EEE5149-CD15-40BC-925C-DC69F43F80E9}.Release|Any CPU.ActiveCfg = Release|Any CPU
		{3EEE5149-CD15-40BC-925C-DC69F43F80E9}.Release|Any CPU.Build.0 = Release|Any CPU
	EndGlobalSection
EndGlobal
